# THIS IS AN AUTOGENERATED FILE. DO NOT EDIT THIS FILE DIRECTLY.
# yarn lockfile v1


"immutable@^3.8.1 || ^4.0.0-rc.1":
  "integrity" "sha512-zIE9hX70qew5qTUjSS7wi1iwj/l7+m54KWU247nhM3v806UdGj1yDndXj+IOYxxtW9zyLI+xqFNZjTuDaLUqFw=="
  "resolved" "https://registry.npmjs.org/immutable/-/immutable-4.0.0.tgz"
  "version" "4.0.0"

"redux-immutable@^4.0.0":
  "integrity" "sha1-Ohoy32Y2ZGK2NpHw4dw15HK7yfM="
  "resolved" "https://registry.npmjs.org/redux-immutable/-/redux-immutable-4.0.0.tgz"
  "version" "4.0.0"
